{
  "nodes": {
    "nixpkgs": {
      "locked": {
        "lastModified": 1776883521,
        "narHash": "sha256-V8H9n8po6HsQ7EAc2D175d3XgGoxrkZ5kYuOBc35oCc=",
        "type": "tarball",
        "url": "https://github.com/rstats-on-nix/nixpkgs/archive/2026-04-22.tar.gz"
      },
      "original": {
        "type": "tarball",
        "url": "https://github.com/rstats-on-nix/nixpkgs/archive/2026-04-22.tar.gz"
      }
    },
    "root": {
      "inputs": {
        "nixpkgs": "nixpkgs"
      }
    }
  },
  "root": "root",
  "version": 7
}
